
Microsoft Visual Studio Solution File, Format Version 12.00
# Visual Studio Version 16
VisualStudioVersion = 16.0.31402.337
MinimumVisualStudioVersion = 10.0.40219.1
Project("{FAE04EC0-301F-11D3-BF4B-00C04F79EFBC}") = "Aula05.Exercicio", "Aula05.Exercicio\Aula05.Exercicio.csproj", "{5CD12576-AC0E-4136-99C7-3E1E627C299F}"
EndProject
Global
	GlobalSection(SolutionConfigurationPlatforms) = preSolution
		Debug|Any CPU = Debug|Any CPU
		Release|Any CPU = Release|Any CPU
	EndGlobalSection
	GlobalSection(ProjectConfigurationPlatforms) = postSolution
		{5CD12576-AC0E-4136-99C7-3E1E627C299F}.Debug|Any CPU.ActiveCfg = Debug|Any CPU
		{5CD12576-AC0E-4136-99C7-3E1E627C299F}.Debug|Any CPU.Build.0 = Debug|Any CPU
		{5CD12576-AC0E-4136-99C7-3E1E627C299F}.Release|Any CPU.ActiveCfg = Release|Any CPU
		{5CD12576-AC0E-4136-99C7-3E1E627C299F}.Release|Any CPU.Build.0 = Release|Any CPU
	EndGlobalSection
	GlobalSection(SolutionProperties) = preSolution
		HideSolutionNode = FALSE
	EndGlobalSection
	GlobalSection(ExtensibilityGlobals) = postSolution
		SolutionGuid = {2C4187EF-55EC-48E0-983E-E58E10A2FF1C}
	EndGlobalSection
EndGlobal
