
Microsoft Visual Studio Solution File, Format Version 12.00
# Visual Studio Version 16
VisualStudioVersion = 16.0.31402.337
MinimumVisualStudioVersion = 10.0.40219.1
Project("{FAE04EC0-301F-11D3-BF4B-00C04F79EFBC}") = "Fiap.Aula03", "Fiap.Aula03.csproj", "{E66C0EB0-66BA-4761-826F-6B14F45D7D56}"
EndProject
Global
	GlobalSection(SolutionConfigurationPlatforms) = preSolution
		Debug|Any CPU = Debug|Any CPU
		Release|Any CPU = Release|Any CPU
	EndGlobalSection
	GlobalSection(ProjectConfigurationPlatforms) = postSolution
		{E66C0EB0-66BA-4761-826F-6B14F45D7D56}.Debug|Any CPU.ActiveCfg = Debug|Any CPU
		{E66C0EB0-66BA-4761-826F-6B14F45D7D56}.Debug|Any CPU.Build.0 = Debug|Any CPU
		{E66C0EB0-66BA-4761-826F-6B14F45D7D56}.Release|Any CPU.ActiveCfg = Release|Any CPU
		{E66C0EB0-66BA-4761-826F-6B14F45D7D56}.Release|Any CPU.Build.0 = Release|Any CPU
	EndGlobalSection
	GlobalSection(SolutionProperties) = preSolution
		HideSolutionNode = FALSE
	EndGlobalSection
	GlobalSection(ExtensibilityGlobals) = postSolution
		SolutionGuid = {F3974090-E7FF-48D1-B372-A5D17685EE2C}
	EndGlobalSection
EndGlobal
