
Microsoft Visual Studio Solution File, Format Version 12.00
# Visual Studio Version 16
VisualStudioVersion = 16.0.31402.337
MinimumVisualStudioVersion = 10.0.40219.1
Project("{9A19103F-16F7-4668-BE54-9A1E7A4F7556}") = "ExemploHeranca", "ExemploHeranca\ExemploHeranca.csproj", "{105665F4-589E-4B3C-8872-C42D48B6DC2A}"
EndProject
Project("{9A19103F-16F7-4668-BE54-9A1E7A4F7556}") = "Fiap.Aula04.ExemploHeranca2", "Fiap.Aula04.ExemploHeranca2\Fiap.Aula04.ExemploHeranca2.csproj", "{D1C762DB-E4C7-4F83-8F12-938D80BB9EA2}"
EndProject
Project("{9A19103F-16F7-4668-BE54-9A1E7A4F7556}") = "ExemploHeranca3", "ExemploHeranca3\ExemploHeranca3.csproj", "{1A9B0531-0797-4DE2-9524-0FD1D50CE34B}"
EndProject
Project("{9A19103F-16F7-4668-BE54-9A1E7A4F7556}") = "ExercicioFaculdade", "ExercicioFaculdade\ExercicioFaculdade.csproj", "{8B714B90-9021-403A-859B-439A305CD2B0}"
EndProject
Project("{FAE04EC0-301F-11D3-BF4B-00C04F79EFBC}") = "Fiap.Aula04.ExemploHeranca3-Exercicio", "Fiap.Aula04.ExemploHeranca3-Exercicio\Fiap.Aula04.ExemploHeranca3-Exercicio.csproj", "{0763D3DE-5BA5-43A7-8211-77D59475F700}"
EndProject
Global
	GlobalSection(SolutionConfigurationPlatforms) = preSolution
		Debug|Any CPU = Debug|Any CPU
		Release|Any CPU = Release|Any CPU
	EndGlobalSection
	GlobalSection(ProjectConfigurationPlatforms) = postSolution
		{105665F4-589E-4B3C-8872-C42D48B6DC2A}.Debug|Any CPU.ActiveCfg = Debug|Any CPU
		{105665F4-589E-4B3C-8872-C42D48B6DC2A}.Debug|Any CPU.Build.0 = Debug|Any CPU
		{105665F4-589E-4B3C-8872-C42D48B6DC2A}.Release|Any CPU.ActiveCfg = Release|Any CPU
		{105665F4-589E-4B3C-8872-C42D48B6DC2A}.Release|Any CPU.Build.0 = Release|Any CPU
		{D1C762DB-E4C7-4F83-8F12-938D80BB9EA2}.Debug|Any CPU.ActiveCfg = Debug|Any CPU
		{D1C762DB-E4C7-4F83-8F12-938D80BB9EA2}.Debug|Any CPU.Build.0 = Debug|Any CPU
		{D1C762DB-E4C7-4F83-8F12-938D80BB9EA2}.Release|Any CPU.ActiveCfg = Release|Any CPU
		{D1C762DB-E4C7-4F83-8F12-938D80BB9EA2}.Release|Any CPU.Build.0 = Release|Any CPU
		{1A9B0531-0797-4DE2-9524-0FD1D50CE34B}.Debug|Any CPU.ActiveCfg = Debug|Any CPU
		{1A9B0531-0797-4DE2-9524-0FD1D50CE34B}.Debug|Any CPU.Build.0 = Debug|Any CPU
		{1A9B0531-0797-4DE2-9524-0FD1D50CE34B}.Release|Any CPU.ActiveCfg = Release|Any CPU
		{1A9B0531-0797-4DE2-9524-0FD1D50CE34B}.Release|Any CPU.Build.0 = Release|Any CPU
		{8B714B90-9021-403A-859B-439A305CD2B0}.Debug|Any CPU.ActiveCfg = Debug|Any CPU
		{8B714B90-9021-403A-859B-439A305CD2B0}.Debug|Any CPU.Build.0 = Debug|Any CPU
		{8B714B90-9021-403A-859B-439A305CD2B0}.Release|Any CPU.ActiveCfg = Release|Any CPU
		{8B714B90-9021-403A-859B-439A305CD2B0}.Release|Any CPU.Build.0 = Release|Any CPU
		{0763D3DE-5BA5-43A7-8211-77D59475F700}.Debug|Any CPU.ActiveCfg = Debug|Any CPU
		{0763D3DE-5BA5-43A7-8211-77D59475F700}.Debug|Any CPU.Build.0 = Debug|Any CPU
		{0763D3DE-5BA5-43A7-8211-77D59475F700}.Release|Any CPU.ActiveCfg = Release|Any CPU
		{0763D3DE-5BA5-43A7-8211-77D59475F700}.Release|Any CPU.Build.0 = Release|Any CPU
	EndGlobalSection
	GlobalSection(SolutionProperties) = preSolution
		HideSolutionNode = FALSE
	EndGlobalSection
	GlobalSection(ExtensibilityGlobals) = postSolution
		SolutionGuid = {1A45759A-7614-46BA-80DC-3F48E6C4FD8F}
	EndGlobalSection
EndGlobal
